
Microsoft Visual Studio Solution File, Format Version 12.00
# Visual Studio Version 17
VisualStudioVersion = 17.0.31903.59
MinimumVisualStudioVersion = 10.0.40219.1
Project("{2150E333-8FDC-42A3-9474-1A3956D46DE8}") = "src", "src", "{827E0CD3-B72D-47B6-A68D-7590B98EB39B}"
EndProject
Project("{2150E333-8FDC-42A3-9474-1A3956D46DE8}") = "BuildingBlocks", "BuildingBlocks", "{90298CBA-BD6F-3A0A-69D5-97CAD7B05E7E}"
EndProject
Project("{FAE04EC0-301F-11D3-BF4B-00C04F79EFBC}") = "BuildingBlocks.Contracts", "src\BuildingBlocks\BuildingBlocks.Contracts\BuildingBlocks.Contracts.csproj", "{06D58528-7962-4F92-A4CC-7A91E8F7B12C}"
EndProject
Project("{FAE04EC0-301F-11D3-BF4B-00C04F79EFBC}") = "BuildingBlocks.Security", "src\BuildingBlocks\BuildingBlocks.Security\BuildingBlocks.Security.csproj", "{DD10B539-D53C-4F38-A76C-81EF39EC8CC0}"
EndProject
Project("{FAE04EC0-301F-11D3-BF4B-00C04F79EFBC}") = "BuildingBlocks.Common", "src\BuildingBlocks\BuildingBlocks.Common\BuildingBlocks.Common.csproj", "{13612928-1BFA-4505-97FE-CCDD637BC1D0}"
EndProject
Project("{2150E333-8FDC-42A3-9474-1A3956D46DE8}") = "Services", "Services", "{984BB9B3-3FA3-BE33-9484-CAC21695A33C}"
EndProject
Project("{2150E333-8FDC-42A3-9474-1A3956D46DE8}") = "JobService", "JobService", "{EED46BDE-850E-C509-1804-4B82399CC581}"
EndProject
Project("{FAE04EC0-301F-11D3-BF4B-00C04F79EFBC}") = "JobService.API", "src\Services\JobService\JobService.API\JobService.API.csproj", "{B317314A-055A-40C6-B454-2F642F543089}"
EndProject
Project("{FAE04EC0-301F-11D3-BF4B-00C04F79EFBC}") = "JobService.Application", "src\Services\JobService\JobService.Application\JobService.Application.csproj", "{F3814641-1AD4-4221-96BE-549EAC92168D}"
EndProject
Project("{FAE04EC0-301F-11D3-BF4B-00C04F79EFBC}") = "JobService.Domain", "src\Services\JobService\JobService.Domain\JobService.Domain.csproj", "{019025B4-FE71-41E5-BC9B-83B7F2F3E37F}"
EndProject
Project("{FAE04EC0-301F-11D3-BF4B-00C04F79EFBC}") = "JobService.Infrastructure", "src\Services\JobService\JobService.Infrastructure\JobService.Infrastructure.csproj", "{D9C162BE-98A5-4FA6-8902-880984A8F7F3}"
EndProject
Project("{2150E333-8FDC-42A3-9474-1A3956D46DE8}") = "AuthService", "AuthService", "{B0ED8887-1092-5A1A-EC04-2B6B0F6E9C33}"
EndProject
Project("{FAE04EC0-301F-11D3-BF4B-00C04F79EFBC}") = "AuthService.Infrastructure", "src\Services\AuthService\AuthService.Infrastructure\AuthService.Infrastructure.csproj", "{1488D991-35C0-4E3C-971A-58D1FFD24645}"
EndProject
Project("{FAE04EC0-301F-11D3-BF4B-00C04F79EFBC}") = "AuthService.Application", "src\Services\AuthService\AuthService.Application\AuthService.Application.csproj", "{DBFA7923-8594-4465-B470-50A65EB735D8}"
EndProject
Project("{FAE04EC0-301F-11D3-BF4B-00C04F79EFBC}") = "AuthService.Domain", "src\Services\AuthService\AuthService.Domain\AuthService.Domain.csproj", "{CBC435DD-424E-49A6-AC97-E092B14796B3}"
EndProject
Project("{FAE04EC0-301F-11D3-BF4B-00C04F79EFBC}") = "AuthService.API", "src\Services\AuthService\AuthService.API\AuthService.API.csproj", "{E71A7B0E-C8AD-4BA9-85D0-09A63E12C260}"
EndProject
Project("{2150E333-8FDC-42A3-9474-1A3956D46DE8}") = "ProfileService", "ProfileService", "{E84AFA33-838D-562F-4664-2E89E0D91D0E}"
EndProject
Project("{FAE04EC0-301F-11D3-BF4B-00C04F79EFBC}") = "ProfileService.API", "src\Services\ProfileService\ProfileService.API\ProfileService.API.csproj", "{B3AB7C25-0A34-44EB-856F-5C86AD3B2A2B}"
EndProject
Project("{FAE04EC0-301F-11D3-BF4B-00C04F79EFBC}") = "ProfileService.Application", "src\Services\ProfileService\ProfileService.Application\ProfileService.Application.csproj", "{27CE186C-7E02-447A-80F6-8CF00B648632}"
EndProject
Project("{FAE04EC0-301F-11D3-BF4B-00C04F79EFBC}") = "ProfileService.Domain", "src\Services\ProfileService\ProfileService.Domain\ProfileService.Domain.csproj", "{A84A5F2A-4ED9-4F6D-B7E9-A528D7027D88}"
EndProject
Project("{FAE04EC0-301F-11D3-BF4B-00C04F79EFBC}") = "ProfileService.Infrastructure", "src\Services\ProfileService\ProfileService.Infrastructure\ProfileService.Infrastructure.csproj", "{90ACFAFF-C7EE-4850-8142-DF5CFA8D7527}"
EndProject
Project("{2150E333-8FDC-42A3-9474-1A3956D46DE8}") = "ApplicationService", "ApplicationService", "{A1B2C3D4-E5F6-47A8-9B0C-112233445566}"
EndProject
Project("{FAE04EC0-301F-11D3-BF4B-00C04F79EFBC}") = "ApplicationService.API", "src\Services\ApplicationService\ApplicationService.API\ApplicationService.API.csproj", "{C10A0001-1111-4A11-8111-000000000001}"
EndProject
Project("{FAE04EC0-301F-11D3-BF4B-00C04F79EFBC}") = "ApplicationService.Application", "src\Services\ApplicationService\ApplicationService.Application\ApplicationService.Application.csproj", "{C10A0002-1111-4A11-8111-000000000002}"
EndProject
Project("{FAE04EC0-301F-11D3-BF4B-00C04F79EFBC}") = "ApplicationService.Domain", "src\Services\ApplicationService\ApplicationService.Domain\ApplicationService.Domain.csproj", "{C10A0003-1111-4A11-8111-000000000003}"
EndProject
Project("{FAE04EC0-301F-11D3-BF4B-00C04F79EFBC}") = "ApplicationService.Infrastructure", "src\Services\ApplicationService\ApplicationService.Infrastructure\ApplicationService.Infrastructure.csproj", "{C10A0004-1111-4A11-8111-000000000004}"
EndProject
Project("{2150E333-8FDC-42A3-9474-1A3956D46DE8}") = "InterviewService", "InterviewService", "{B1C2D3E4-F5A6-48B9-8C0D-223344556677}"
EndProject
Project("{FAE04EC0-301F-11D3-BF4B-00C04F79EFBC}") = "InterviewService.API", "src\Services\InterviewService\InterviewService.API\InterviewService.API.csproj", "{C20B0001-2222-4B22-8222-000000000001}"
EndProject
Project("{FAE04EC0-301F-11D3-BF4B-00C04F79EFBC}") = "InterviewService.Application", "src\Services\InterviewService\InterviewService.Application\InterviewService.Application.csproj", "{C20B0002-2222-4B22-8222-000000000002}"
EndProject
Project("{FAE04EC0-301F-11D3-BF4B-00C04F79EFBC}") = "InterviewService.Domain", "src\Services\InterviewService\InterviewService.Domain\InterviewService.Domain.csproj", "{C20B0003-2222-4B22-8222-000000000003}"
EndProject
Project("{FAE04EC0-301F-11D3-BF4B-00C04F79EFBC}") = "InterviewService.Infrastructure", "src\Services\InterviewService\InterviewService.Infrastructure\InterviewService.Infrastructure.csproj", "{C20B0004-2222-4B22-8222-000000000004}"
EndProject
Project("{2150E333-8FDC-42A3-9474-1A3956D46DE8}") = "Gateway", "Gateway", "{6306A8FB-679E-111F-6585-8F70E0EE6013}"
EndProject
Project("{FAE04EC0-301F-11D3-BF4B-00C04F79EFBC}") = "HireConnect.Gateway", "src\Gateway\HireConnect.Gateway\HireConnect.Gateway.csproj", "{7FE7EFF3-03A8-450F-8B41-4096C481E184}"
EndProject
Global
	GlobalSection(SolutionConfigurationPlatforms) = preSolution
		Debug|Any CPU = Debug|Any CPU
		Debug|x64 = Debug|x64
		Debug|x86 = Debug|x86
		Release|Any CPU = Release|Any CPU
		Release|x64 = Release|x64
		Release|x86 = Release|x86
	EndGlobalSection
	GlobalSection(ProjectConfigurationPlatforms) = postSolution
		{06D58528-7962-4F92-A4CC-7A91E8F7B12C}.Debug|Any CPU.ActiveCfg = Debug|Any CPU
		{06D58528-7962-4F92-A4CC-7A91E8F7B12C}.Debug|Any CPU.Build.0 = Debug|Any CPU
		{06D58528-7962-4F92-A4CC-7A91E8F7B12C}.Debug|x64.ActiveCfg = Debug|Any CPU
		{06D58528-7962-4F92-A4CC-7A91E8F7B12C}.Debug|x64.Build.0 = Debug|Any CPU
		{06D58528-7962-4F92-A4CC-7A91E8F7B12C}.Debug|x86.ActiveCfg = Debug|Any CPU
		{06D58528-7962-4F92-A4CC-7A91E8F7B12C}.Debug|x86.Build.0 = Debug|Any CPU
		{06D58528-7962-4F92-A4CC-7A91E8F7B12C}.Release|Any CPU.ActiveCfg = Release|Any CPU
		{06D58528-7962-4F92-A4CC-7A91E8F7B12C}.Release|Any CPU.Build.0 = Release|Any CPU
		{06D58528-7962-4F92-A4CC-7A91E8F7B12C}.Release|x64.ActiveCfg = Release|Any CPU
		{06D58528-7962-4F92-A4CC-7A91E8F7B12C}.Release|x64.Build.0 = Release|Any CPU
		{06D58528-7962-4F92-A4CC-7A91E8F7B12C}.Release|x86.ActiveCfg = Release|Any CPU
		{06D58528-7962-4F92-A4CC-7A91E8F7B12C}.Release|x86.Build.0 = Release|Any CPU
		{DD10B539-D53C-4F38-A76C-81EF39EC8CC0}.Debug|Any CPU.ActiveCfg = Debug|Any CPU
		{DD10B539-D53C-4F38-A76C-81EF39EC8CC0}.Debug|Any CPU.Build.0 = Debug|Any CPU
		{DD10B539-D53C-4F38-A76C-81EF39EC8CC0}.Debug|x64.ActiveCfg = Debug|Any CPU
		{DD10B539-D53C-4F38-A76C-81EF39EC8CC0}.Debug|x64.Build.0 = Debug|Any CPU
		{DD10B539-D53C-4F38-A76C-81EF39EC8CC0}.Debug|x86.ActiveCfg = Debug|Any CPU
		{DD10B539-D53C-4F38-A76C-81EF39EC8CC0}.Debug|x86.Build.0 = Debug|Any CPU
		{DD10B539-D53C-4F38-A76C-81EF39EC8CC0}.Release|Any CPU.ActiveCfg = Release|Any CPU
		{DD10B539-D53C-4F38-A76C-81EF39EC8CC0}.Release|Any CPU.Build.0 = Release|Any CPU
		{DD10B539-D53C-4F38-A76C-81EF39EC8CC0}.Release|x64.ActiveCfg = Release|Any CPU
		{DD10B539-D53C-4F38-A76C-81EF39EC8CC0}.Release|x64.Build.0 = Release|Any CPU
		{DD10B539-D53C-4F38-A76C-81EF39EC8CC0}.Release|x86.ActiveCfg = Release|Any CPU
		{DD10B539-D53C-4F38-A76C-81EF39EC8CC0}.Release|x86.Build.0 = Release|Any CPU
		{13612928-1BFA-4505-97FE-CCDD637BC1D0}.Debug|Any CPU.ActiveCfg = Debug|Any CPU
		{13612928-1BFA-4505-97FE-CCDD637BC1D0}.Debug|Any CPU.Build.0 = Debug|Any CPU
		{13612928-1BFA-4505-97FE-CCDD637BC1D0}.Debug|x64.ActiveCfg = Debug|Any CPU
		{13612928-1BFA-4505-97FE-CCDD637BC1D0}.Debug|x64.Build.0 = Debug|Any CPU
		{13612928-1BFA-4505-97FE-CCDD637BC1D0}.Debug|x86.ActiveCfg = Debug|Any CPU
		{13612928-1BFA-4505-97FE-CCDD637BC1D0}.Debug|x86.Build.0 = Debug|Any CPU
		{13612928-1BFA-4505-97FE-CCDD637BC1D0}.Release|Any CPU.ActiveCfg = Release|Any CPU
		{13612928-1BFA-4505-97FE-CCDD637BC1D0}.Release|Any CPU.Build.0 = Release|Any CPU
		{13612928-1BFA-4505-97FE-CCDD637BC1D0}.Release|x64.ActiveCfg = Release|Any CPU
		{13612928-1BFA-4505-97FE-CCDD637BC1D0}.Release|x64.Build.0 = Release|Any CPU
		{13612928-1BFA-4505-97FE-CCDD637BC1D0}.Release|x86.ActiveCfg = Release|Any CPU
		{13612928-1BFA-4505-97FE-CCDD637BC1D0}.Release|x86.Build.0 = Release|Any CPU
		{B317314A-055A-40C6-B454-2F642F543089}.Debug|Any CPU.ActiveCfg = Debug|Any CPU
		{B317314A-055A-40C6-B454-2F642F543089}.Debug|Any CPU.Build.0 = Debug|Any CPU
		{B317314A-055A-40C6-B454-2F642F543089}.Debug|x64.ActiveCfg = Debug|Any CPU
		{B317314A-055A-40C6-B454-2F642F543089}.Debug|x64.Build.0 = Debug|Any CPU
		{B317314A-055A-40C6-B454-2F642F543089}.Debug|x86.ActiveCfg = Debug|Any CPU
		{B317314A-055A-40C6-B454-2F642F543089}.Debug|x86.Build.0 = Debug|Any CPU
		{B317314A-055A-40C6-B454-2F642F543089}.Release|Any CPU.ActiveCfg = Release|Any CPU
		{B317314A-055A-40C6-B454-2F642F543089}.Release|Any CPU.Build.0 = Release|Any CPU
		{B317314A-055A-40C6-B454-2F642F543089}.Release|x64.ActiveCfg = Release|Any CPU
		{B317314A-055A-40C6-B454-2F642F543089}.Release|x64.Build.0 = Release|Any CPU
		{B317314A-055A-40C6-B454-2F642F543089}.Release|x86.ActiveCfg = Release|Any CPU
		{B317314A-055A-40C6-B454-2F642F543089}.Release|x86.Build.0 = Release|Any CPU
		{F3814641-1AD4-4221-96BE-549EAC92168D}.Debug|Any CPU.ActiveCfg = Debug|Any CPU
		{F3814641-1AD4-4221-96BE-549EAC92168D}.Debug|Any CPU.Build.0 = Debug|Any CPU
		{F3814641-1AD4-4221-96BE-549EAC92168D}.Debug|x64.ActiveCfg = Debug|Any CPU
		{F3814641-1AD4-4221-96BE-549EAC92168D}.Debug|x64.Build.0 = Debug|Any CPU
		{F3814641-1AD4-4221-96BE-549EAC92168D}.Debug|x86.ActiveCfg = Debug|Any CPU
		{F3814641-1AD4-4221-96BE-549EAC92168D}.Debug|x86.Build.0 = Debug|Any CPU
		{F3814641-1AD4-4221-96BE-549EAC92168D}.Release|Any CPU.ActiveCfg = Release|Any CPU
		{F3814641-1AD4-4221-96BE-549EAC92168D}.Release|Any CPU.Build.0 = Release|Any CPU
		{F3814641-1AD4-4221-96BE-549EAC92168D}.Release|x64.ActiveCfg = Release|Any CPU
		{F3814641-1AD4-4221-96BE-549EAC92168D}.Release|x64.Build.0 = Release|Any CPU
		{F3814641-1AD4-4221-96BE-549EAC92168D}.Release|x86.ActiveCfg = Release|Any CPU
		{F3814641-1AD4-4221-96BE-549EAC92168D}.Release|x86.Build.0 = Release|Any CPU
		{019025B4-FE71-41E5-BC9B-83B7F2F3E37F}.Debug|Any CPU.ActiveCfg = Debug|Any CPU
		{019025B4-FE71-41E5-BC9B-83B7F2F3E37F}.Debug|Any CPU.Build.0 = Debug|Any CPU
		{019025B4-FE71-41E5-BC9B-83B7F2F3E37F}.Debug|x64.ActiveCfg = Debug|Any CPU
		{019025B4-FE71-41E5-BC9B-83B7F2F3E37F}.Debug|x64.Build.0 = Debug|Any CPU
		{019025B4-FE71-41E5-BC9B-83B7F2F3E37F}.Debug|x86.ActiveCfg = Debug|Any CPU
		{019025B4-FE71-41E5-BC9B-83B7F2F3E37F}.Debug|x86.Build.0 = Debug|Any CPU
		{019025B4-FE71-41E5-BC9B-83B7F2F3E37F}.Release|Any CPU.ActiveCfg = Release|Any CPU
		{019025B4-FE71-41E5-BC9B-83B7F2F3E37F}.Release|Any CPU.Build.0 = Release|Any CPU
		{019025B4-FE71-41E5-BC9B-83B7F2F3E37F}.Release|x64.ActiveCfg = Release|Any CPU
		{019025B4-FE71-41E5-BC9B-83B7F2F3E37F}.Release|x64.Build.0 = Release|Any CPU
		{019025B4-FE71-41E5-BC9B-83B7F2F3E37F}.Release|x86.ActiveCfg = Release|Any CPU
		{019025B4-FE71-41E5-BC9B-83B7F2F3E37F}.Release|x86.Build.0 = Release|Any CPU
		{D9C162BE-98A5-4FA6-8902-880984A8F7F3}.Debug|Any CPU.ActiveCfg = Debug|Any CPU
		{D9C162BE-98A5-4FA6-8902-880984A8F7F3}.Debug|Any CPU.Build.0 = Debug|Any CPU
		{D9C162BE-98A5-4FA6-8902-880984A8F7F3}.Debug|x64.ActiveCfg = Debug|Any CPU
		{D9C162BE-98A5-4FA6-8902-880984A8F7F3}.Debug|x64.Build.0 = Debug|Any CPU
		{D9C162BE-98A5-4FA6-8902-880984A8F7F3}.Debug|x86.ActiveCfg = Debug|Any CPU
		{D9C162BE-98A5-4FA6-8902-880984A8F7F3}.Debug|x86.Build.0 = Debug|Any CPU
		{D9C162BE-98A5-4FA6-8902-880984A8F7F3}.Release|Any CPU.ActiveCfg = Release|Any CPU
		{D9C162BE-98A5-4FA6-8902-880984A8F7F3}.Release|Any CPU.Build.0 = Release|Any CPU
		{D9C162BE-98A5-4FA6-8902-880984A8F7F3}.Release|x64.ActiveCfg = Release|Any CPU
		{D9C162BE-98A5-4FA6-8902-880984A8F7F3}.Release|x64.Build.0 = Release|Any CPU
		{D9C162BE-98A5-4FA6-8902-880984A8F7F3}.Release|x86.ActiveCfg = Release|Any CPU
		{D9C162BE-98A5-4FA6-8902-880984A8F7F3}.Release|x86.Build.0 = Release|Any CPU
		{1488D991-35C0-4E3C-971A-58D1FFD24645}.Debug|Any CPU.ActiveCfg = Debug|Any CPU
		{1488D991-35C0-4E3C-971A-58D1FFD24645}.Debug|Any CPU.Build.0 = Debug|Any CPU
		{1488D991-35C0-4E3C-971A-58D1FFD24645}.Debug|x64.ActiveCfg = Debug|Any CPU
		{1488D991-35C0-4E3C-971A-58D1FFD24645}.Debug|x64.Build.0 = Debug|Any CPU
		{1488D991-35C0-4E3C-971A-58D1FFD24645}.Debug|x86.ActiveCfg = Debug|Any CPU
		{1488D991-35C0-4E3C-971A-58D1FFD24645}.Debug|x86.Build.0 = Debug|Any CPU
		{1488D991-35C0-4E3C-971A-58D1FFD24645}.Release|Any CPU.ActiveCfg = Release|Any CPU
		{1488D991-35C0-4E3C-971A-58D1FFD24645}.Release|Any CPU.Build.0 = Release|Any CPU
		{1488D991-35C0-4E3C-971A-58D1FFD24645}.Release|x64.ActiveCfg = Release|Any CPU
		{1488D991-35C0-4E3C-971A-58D1FFD24645}.Release|x64.Build.0 = Release|Any CPU
		{1488D991-35C0-4E3C-971A-58D1FFD24645}.Release|x86.ActiveCfg = Release|Any CPU
		{1488D991-35C0-4E3C-971A-58D1FFD24645}.Release|x86.Build.0 = Release|Any CPU
		{DBFA7923-8594-4465-B470-50A65EB735D8}.Debug|Any CPU.ActiveCfg = Debug|Any CPU
		{DBFA7923-8594-4465-B470-50A65EB735D8}.Debug|Any CPU.Build.0 = Debug|Any CPU
		{DBFA7923-8594-4465-B470-50A65EB735D8}.Debug|x64.ActiveCfg = Debug|Any CPU
		{DBFA7923-8594-4465-B470-50A65EB735D8}.Debug|x64.Build.0 = Debug|Any CPU
		{DBFA7923-8594-4465-B470-50A65EB735D8}.Debug|x86.ActiveCfg = Debug|Any CPU
		{DBFA7923-8594-4465-B470-50A65EB735D8}.Debug|x86.Build.0 = Debug|Any CPU
		{DBFA7923-8594-4465-B470-50A65EB735D8}.Release|Any CPU.ActiveCfg = Release|Any CPU
		{DBFA7923-8594-4465-B470-50A65EB735D8}.Release|Any CPU.Build.0 = Release|Any CPU
		{DBFA7923-8594-4465-B470-50A65EB735D8}.Release|x64.ActiveCfg = Release|Any CPU
		{DBFA7923-8594-4465-B470-50A65EB735D8}.Release|x64.Build.0 = Release|Any CPU
		{DBFA7923-8594-4465-B470-50A65EB735D8}.Release|x86.ActiveCfg = Release|Any CPU
		{DBFA7923-8594-4465-B470-50A65EB735D8}.Release|x86.Build.0 = Release|Any CPU
		{CBC435DD-424E-49A6-AC97-E092B14796B3}.Debug|Any CPU.ActiveCfg = Debug|Any CPU
		{CBC435DD-424E-49A6-AC97-E092B14796B3}.Debug|Any CPU.Build.0 = Debug|Any CPU
		{CBC435DD-424E-49A6-AC97-E092B14796B3}.Debug|x64.ActiveCfg = Debug|Any CPU
		{CBC435DD-424E-49A6-AC97-E092B14796B3}.Debug|x64.Build.0 = Debug|Any CPU
		{CBC435DD-424E-49A6-AC97-E092B14796B3}.Debug|x86.ActiveCfg = Debug|Any CPU
		{CBC435DD-424E-49A6-AC97-E092B14796B3}.Debug|x86.Build.0 = Debug|Any CPU
		{CBC435DD-424E-49A6-AC97-E092B14796B3}.Release|Any CPU.ActiveCfg = Release|Any CPU
		{CBC435DD-424E-49A6-AC97-E092B14796B3}.Release|Any CPU.Build.0 = Release|Any CPU
		{CBC435DD-424E-49A6-AC97-E092B14796B3}.Release|x64.ActiveCfg = Release|Any CPU
		{CBC435DD-424E-49A6-AC97-E092B14796B3}.Release|x64.Build.0 = Release|Any CPU
		{CBC435DD-424E-49A6-AC97-E092B14796B3}.Release|x86.ActiveCfg = Release|Any CPU
		{CBC435DD-424E-49A6-AC97-E092B14796B3}.Release|x86.Build.0 = Release|Any CPU
		{E71A7B0E-C8AD-4BA9-85D0-09A63E12C260}.Debug|Any CPU.ActiveCfg = Debug|Any CPU
		{E71A7B0E-C8AD-4BA9-85D0-09A63E12C260}.Debug|Any CPU.Build.0 = Debug|Any CPU
		{E71A7B0E-C8AD-4BA9-85D0-09A63E12C260}.Debug|x64.ActiveCfg = Debug|Any CPU
		{E71A7B0E-C8AD-4BA9-85D0-09A63E12C260}.Debug|x64.Build.0 = Debug|Any CPU
		{E71A7B0E-C8AD-4BA9-85D0-09A63E12C260}.Debug|x86.ActiveCfg = Debug|Any CPU
		{E71A7B0E-C8AD-4BA9-85D0-09A63E12C260}.Debug|x86.Build.0 = Debug|Any CPU
		{E71A7B0E-C8AD-4BA9-85D0-09A63E12C260}.Release|Any CPU.ActiveCfg = Release|Any CPU
		{E71A7B0E-C8AD-4BA9-85D0-09A63E12C260}.Release|Any CPU.Build.0 = Release|Any CPU
		{E71A7B0E-C8AD-4BA9-85D0-09A63E12C260}.Release|x64.ActiveCfg = Release|Any CPU
		{E71A7B0E-C8AD-4BA9-85D0-09A63E12C260}.Release|x64.Build.0 = Release|Any CPU
		{E71A7B0E-C8AD-4BA9-85D0-09A63E12C260}.Release|x86.ActiveCfg = Release|Any CPU
		{E71A7B0E-C8AD-4BA9-85D0-09A63E12C260}.Release|x86.Build.0 = Release|Any CPU
		{B3AB7C25-0A34-44EB-856F-5C86AD3B2A2B}.Debug|Any CPU.ActiveCfg = Debug|Any CPU
		{B3AB7C25-0A34-44EB-856F-5C86AD3B2A2B}.Debug|Any CPU.Build.0 = Debug|Any CPU
		{B3AB7C25-0A34-44EB-856F-5C86AD3B2A2B}.Debug|x64.ActiveCfg = Debug|Any CPU
		{B3AB7C25-0A34-44EB-856F-5C86AD3B2A2B}.Debug|x64.Build.0 = Debug|Any CPU
		{B3AB7C25-0A34-44EB-856F-5C86AD3B2A2B}.Debug|x86.ActiveCfg = Debug|Any CPU
		{B3AB7C25-0A34-44EB-856F-5C86AD3B2A2B}.Debug|x86.Build.0 = Debug|Any CPU
		{B3AB7C25-0A34-44EB-856F-5C86AD3B2A2B}.Release|Any CPU.ActiveCfg = Release|Any CPU
		{B3AB7C25-0A34-44EB-856F-5C86AD3B2A2B}.Release|Any CPU.Build.0 = Release|Any CPU
		{B3AB7C25-0A34-44EB-856F-5C86AD3B2A2B}.Release|x64.ActiveCfg = Release|Any CPU
		{B3AB7C25-0A34-44EB-856F-5C86AD3B2A2B}.Release|x64.Build.0 = Release|Any CPU
		{B3AB7C25-0A34-44EB-856F-5C86AD3B2A2B}.Release|x86.ActiveCfg = Release|Any CPU
		{B3AB7C25-0A34-44EB-856F-5C86AD3B2A2B}.Release|x86.Build.0 = Release|Any CPU
		{27CE186C-7E02-447A-80F6-8CF00B648632}.Debug|Any CPU.ActiveCfg = Debug|Any CPU
		{27CE186C-7E02-447A-80F6-8CF00B648632}.Debug|Any CPU.Build.0 = Debug|Any CPU
		{27CE186C-7E02-447A-80F6-8CF00B648632}.Debug|x64.ActiveCfg = Debug|Any CPU
		{27CE186C-7E02-447A-80F6-8CF00B648632}.Debug|x64.Build.0 = Debug|Any CPU
		{27CE186C-7E02-447A-80F6-8CF00B648632}.Debug|x86.ActiveCfg = Debug|Any CPU
		{27CE186C-7E02-447A-80F6-8CF00B648632}.Debug|x86.Build.0 = Debug|Any CPU
		{27CE186C-7E02-447A-80F6-8CF00B648632}.Release|Any CPU.ActiveCfg = Release|Any CPU
		{27CE186C-7E02-447A-80F6-8CF00B648632}.Release|Any CPU.Build.0 = Release|Any CPU
		{27CE186C-7E02-447A-80F6-8CF00B648632}.Release|x64.ActiveCfg = Release|Any CPU
		{27CE186C-7E02-447A-80F6-8CF00B648632}.Release|x64.Build.0 = Release|Any CPU
		{27CE186C-7E02-447A-80F6-8CF00B648632}.Release|x86.ActiveCfg = Release|Any CPU
		{27CE186C-7E02-447A-80F6-8CF00B648632}.Release|x86.Build.0 = Release|Any CPU
		{A84A5F2A-4ED9-4F6D-B7E9-A528D7027D88}.Debug|Any CPU.ActiveCfg = Debug|Any CPU
		{A84A5F2A-4ED9-4F6D-B7E9-A528D7027D88}.Debug|Any CPU.Build.0 = Debug|Any CPU
		{A84A5F2A-4ED9-4F6D-B7E9-A528D7027D88}.Debug|x64.ActiveCfg = Debug|Any CPU
		{A84A5F2A-4ED9-4F6D-B7E9-A528D7027D88}.Debug|x64.Build.0 = Debug|Any CPU
		{A84A5F2A-4ED9-4F6D-B7E9-A528D7027D88}.Debug|x86.ActiveCfg = Debug|Any CPU
		{A84A5F2A-4ED9-4F6D-B7E9-A528D7027D88}.Debug|x86.Build.0 = Debug|Any CPU
		{A84A5F2A-4ED9-4F6D-B7E9-A528D7027D88}.Release|Any CPU.ActiveCfg = Release|Any CPU
		{A84A5F2A-4ED9-4F6D-B7E9-A528D7027D88}.Release|Any CPU.Build.0 = Release|Any CPU
		{A84A5F2A-4ED9-4F6D-B7E9-A528D7027D88}.Release|x64.ActiveCfg = Release|Any CPU
		{A84A5F2A-4ED9-4F6D-B7E9-A528D7027D88}.Release|x64.Build.0 = Release|Any CPU
		{A84A5F2A-4ED9-4F6D-B7E9-A528D7027D88}.Release|x86.ActiveCfg = Release|Any CPU
		{A84A5F2A-4ED9-4F6D-B7E9-A528D7027D88}.Release|x86.Build.0 = Release|Any CPU
		{90ACFAFF-C7EE-4850-8142-DF5CFA8D7527}.Debug|Any CPU.ActiveCfg = Debug|Any CPU
		{90ACFAFF-C7EE-4850-8142-DF5CFA8D7527}.Debug|Any CPU.Build.0 = Debug|Any CPU
		{90ACFAFF-C7EE-4850-8142-DF5CFA8D7527}.Debug|x64.ActiveCfg = Debug|Any CPU
		{90ACFAFF-C7EE-4850-8142-DF5CFA8D7527}.Debug|x64.Build.0 = Debug|Any CPU
		{90ACFAFF-C7EE-4850-8142-DF5CFA8D7527}.Debug|x86.ActiveCfg = Debug|Any CPU
		{90ACFAFF-C7EE-4850-8142-DF5CFA8D7527}.Debug|x86.Build.0 = Debug|Any CPU
		{90ACFAFF-C7EE-4850-8142-DF5CFA8D7527}.Release|Any CPU.ActiveCfg = Release|Any CPU
		{90ACFAFF-C7EE-4850-8142-DF5CFA8D7527}.Release|Any CPU.Build.0 = Release|Any CPU
		{90ACFAFF-C7EE-4850-8142-DF5CFA8D7527}.Release|x64.ActiveCfg = Release|Any CPU
		{90ACFAFF-C7EE-4850-8142-DF5CFA8D7527}.Release|x64.Build.0 = Release|Any CPU
		{90ACFAFF-C7EE-4850-8142-DF5CFA8D7527}.Release|x86.ActiveCfg = Release|Any CPU
		{90ACFAFF-C7EE-4850-8142-DF5CFA8D7527}.Release|x86.Build.0 = Release|Any CPU
		{C10A0001-1111-4A11-8111-000000000001}.Debug|Any CPU.ActiveCfg = Debug|Any CPU
		{C10A0001-1111-4A11-8111-000000000001}.Debug|Any CPU.Build.0 = Debug|Any CPU
		{C10A0001-1111-4A11-8111-000000000001}.Debug|x64.ActiveCfg = Debug|Any CPU
		{C10A0001-1111-4A11-8111-000000000001}.Debug|x64.Build.0 = Debug|Any CPU
		{C10A0001-1111-4A11-8111-000000000001}.Debug|x86.ActiveCfg = Debug|Any CPU
		{C10A0001-1111-4A11-8111-000000000001}.Debug|x86.Build.0 = Debug|Any CPU
		{C10A0001-1111-4A11-8111-000000000001}.Release|Any CPU.ActiveCfg = Release|Any CPU
		{C10A0001-1111-4A11-8111-000000000001}.Release|Any CPU.Build.0 = Release|Any CPU
		{C10A0001-1111-4A11-8111-000000000001}.Release|x64.ActiveCfg = Release|Any CPU
		{C10A0001-1111-4A11-8111-000000000001}.Release|x64.Build.0 = Release|Any CPU
		{C10A0001-1111-4A11-8111-000000000001}.Release|x86.ActiveCfg = Release|Any CPU
		{C10A0001-1111-4A11-8111-000000000001}.Release|x86.Build.0 = Release|Any CPU
		{C10A0002-1111-4A11-8111-000000000002}.Debug|Any CPU.ActiveCfg = Debug|Any CPU
		{C10A0002-1111-4A11-8111-000000000002}.Debug|Any CPU.Build.0 = Debug|Any CPU
		{C10A0002-1111-4A11-8111-000000000002}.Debug|x64.ActiveCfg = Debug|Any CPU
		{C10A0002-1111-4A11-8111-000000000002}.Debug|x64.Build.0 = Debug|Any CPU
		{C10A0002-1111-4A11-8111-000000000002}.Debug|x86.ActiveCfg = Debug|Any CPU
		{C10A0002-1111-4A11-8111-000000000002}.Debug|x86.Build.0 = Debug|Any CPU
		{C10A0002-1111-4A11-8111-000000000002}.Release|Any CPU.ActiveCfg = Release|Any CPU
		{C10A0002-1111-4A11-8111-000000000002}.Release|Any CPU.Build.0 = Release|Any CPU
		{C10A0002-1111-4A11-8111-000000000002}.Release|x64.ActiveCfg = Release|Any CPU
		{C10A0002-1111-4A11-8111-000000000002}.Release|x64.Build.0 = Release|Any CPU
		{C10A0002-1111-4A11-8111-000000000002}.Release|x86.ActiveCfg = Release|Any CPU
		{C10A0002-1111-4A11-8111-000000000002}.Release|x86.Build.0 = Release|Any CPU
		{C10A0003-1111-4A11-8111-000000000003}.Debug|Any CPU.ActiveCfg = Debug|Any CPU
		{C10A0003-1111-4A11-8111-000000000003}.Debug|Any CPU.Build.0 = Debug|Any CPU
		{C10A0003-1111-4A11-8111-000000000003}.Debug|x64.ActiveCfg = Debug|Any CPU
		{C10A0003-1111-4A11-8111-000000000003}.Debug|x64.Build.0 = Debug|Any CPU
		{C10A0003-1111-4A11-8111-000000000003}.Debug|x86.ActiveCfg = Debug|Any CPU
		{C10A0003-1111-4A11-8111-000000000003}.Debug|x86.Build.0 = Debug|Any CPU
		{C10A0003-1111-4A11-8111-000000000003}.Release|Any CPU.ActiveCfg = Release|Any CPU
		{C10A0003-1111-4A11-8111-000000000003}.Release|Any CPU.Build.0 = Release|Any CPU
		{C10A0003-1111-4A11-8111-000000000003}.Release|x64.ActiveCfg = Release|Any CPU
		{C10A0003-1111-4A11-8111-000000000003}.Release|x64.Build.0 = Release|Any CPU
		{C10A0003-1111-4A11-8111-000000000003}.Release|x86.ActiveCfg = Release|Any CPU
		{C10A0003-1111-4A11-8111-000000000003}.Release|x86.Build.0 = Release|Any CPU
		{C10A0004-1111-4A11-8111-000000000004}.Debug|Any CPU.ActiveCfg = Debug|Any CPU
		{C10A0004-1111-4A11-8111-000000000004}.Debug|Any CPU.Build.0 = Debug|Any CPU
		{C10A0004-1111-4A11-8111-000000000004}.Debug|x64.ActiveCfg = Debug|Any CPU
		{C10A0004-1111-4A11-8111-000000000004}.Debug|x64.Build.0 = Debug|Any CPU
		{C10A0004-1111-4A11-8111-000000000004}.Debug|x86.ActiveCfg = Debug|Any CPU
		{C10A0004-1111-4A11-8111-000000000004}.Debug|x86.Build.0 = Debug|Any CPU
		{C10A0004-1111-4A11-8111-000000000004}.Release|Any CPU.ActiveCfg = Release|Any CPU
		{C10A0004-1111-4A11-8111-000000000004}.Release|Any CPU.Build.0 = Release|Any CPU
		{C10A0004-1111-4A11-8111-000000000004}.Release|x64.ActiveCfg = Release|Any CPU
		{C10A0004-1111-4A11-8111-000000000004}.Release|x64.Build.0 = Release|Any CPU
		{C10A0004-1111-4A11-8111-000000000004}.Release|x86.ActiveCfg = Release|Any CPU
		{C10A0004-1111-4A11-8111-000000000004}.Release|x86.Build.0 = Release|Any CPU
		{C20B0001-2222-4B22-8222-000000000001}.Debug|Any CPU.ActiveCfg = Debug|Any CPU
		{C20B0001-2222-4B22-8222-000000000001}.Debug|Any CPU.Build.0 = Debug|Any CPU
		{C20B0001-2222-4B22-8222-000000000001}.Debug|x64.ActiveCfg = Debug|Any CPU
		{C20B0001-2222-4B22-8222-000000000001}.Debug|x64.Build.0 = Debug|Any CPU
		{C20B0001-2222-4B22-8222-000000000001}.Debug|x86.ActiveCfg = Debug|Any CPU
		{C20B0001-2222-4B22-8222-000000000001}.Debug|x86.Build.0 = Debug|Any CPU
		{C20B0001-2222-4B22-8222-000000000001}.Release|Any CPU.ActiveCfg = Release|Any CPU
		{C20B0001-2222-4B22-8222-000000000001}.Release|Any CPU.Build.0 = Release|Any CPU
		{C20B0001-2222-4B22-8222-000000000001}.Release|x64.ActiveCfg = Release|Any CPU
		{C20B0001-2222-4B22-8222-000000000001}.Release|x64.Build.0 = Release|Any CPU
		{C20B0001-2222-4B22-8222-000000000001}.Release|x86.ActiveCfg = Release|Any CPU
		{C20B0001-2222-4B22-8222-000000000001}.Release|x86.Build.0 = Release|Any CPU
		{C20B0002-2222-4B22-8222-000000000002}.Debug|Any CPU.ActiveCfg = Debug|Any CPU
		{C20B0002-2222-4B22-8222-000000000002}.Debug|Any CPU.Build.0 = Debug|Any CPU
		{C20B0002-2222-4B22-8222-000000000002}.Debug|x64.ActiveCfg = Debug|Any CPU
		{C20B0002-2222-4B22-8222-000000000002}.Debug|x64.Build.0 = Debug|Any CPU
		{C20B0002-2222-4B22-8222-000000000002}.Debug|x86.ActiveCfg = Debug|Any CPU
		{C20B0002-2222-4B22-8222-000000000002}.Debug|x86.Build.0 = Debug|Any CPU
		{C20B0002-2222-4B22-8222-000000000002}.Release|Any CPU.ActiveCfg = Release|Any CPU
		{C20B0002-2222-4B22-8222-000000000002}.Release|Any CPU.Build.0 = Release|Any CPU
		{C20B0002-2222-4B22-8222-000000000002}.Release|x64.ActiveCfg = Release|Any CPU
		{C20B0002-2222-4B22-8222-000000000002}.Release|x64.Build.0 = Release|Any CPU
		{C20B0002-2222-4B22-8222-000000000002}.Release|x86.ActiveCfg = Release|Any CPU
		{C20B0002-2222-4B22-8222-000000000002}.Release|x86.Build.0 = Release|Any CPU
		{C20B0003-2222-4B22-8222-000000000003}.Debug|Any CPU.ActiveCfg = Debug|Any CPU
		{C20B0003-2222-4B22-8222-000000000003}.Debug|Any CPU.Build.0 = Debug|Any CPU
		{C20B0003-2222-4B22-8222-000000000003}.Debug|x64.ActiveCfg = Debug|Any CPU
		{C20B0003-2222-4B22-8222-000000000003}.Debug|x64.Build.0 = Debug|Any CPU
		{C20B0003-2222-4B22-8222-000000000003}.Debug|x86.ActiveCfg = Debug|Any CPU
		{C20B0003-2222-4B22-8222-000000000003}.Debug|x86.Build.0 = Debug|Any CPU
		{C20B0003-2222-4B22-8222-000000000003}.Release|Any CPU.ActiveCfg = Release|Any CPU
		{C20B0003-2222-4B22-8222-000000000003}.Release|Any CPU.Build.0 = Release|Any CPU
		{C20B0003-2222-4B22-8222-000000000003}.Release|x64.ActiveCfg = Release|Any CPU
		{C20B0003-2222-4B22-8222-000000000003}.Release|x64.Build.0 = Release|Any CPU
		{C20B0003-2222-4B22-8222-000000000003}.Release|x86.ActiveCfg = Release|Any CPU
		{C20B0003-2222-4B22-8222-000000000003}.Release|x86.Build.0 = Release|Any CPU
		{C20B0004-2222-4B22-8222-000000000004}.Debug|Any CPU.ActiveCfg = Debug|Any CPU
		{C20B0004-2222-4B22-8222-000000000004}.Debug|Any CPU.Build.0 = Debug|Any CPU
		{C20B0004-2222-4B22-8222-000000000004}.Debug|x64.ActiveCfg = Debug|Any CPU
		{C20B0004-2222-4B22-8222-000000000004}.Debug|x64.Build.0 = Debug|Any CPU
		{C20B0004-2222-4B22-8222-000000000004}.Debug|x86.ActiveCfg = Debug|Any CPU
		{C20B0004-2222-4B22-8222-000000000004}.Debug|x86.Build.0 = Debug|Any CPU
		{C20B0004-2222-4B22-8222-000000000004}.Release|Any CPU.ActiveCfg = Release|Any CPU
		{C20B0004-2222-4B22-8222-000000000004}.Release|Any CPU.Build.0 = Release|Any CPU
		{C20B0004-2222-4B22-8222-000000000004}.Release|x64.ActiveCfg = Release|Any CPU
		{C20B0004-2222-4B22-8222-000000000004}.Release|x64.Build.0 = Release|Any CPU
		{C20B0004-2222-4B22-8222-000000000004}.Release|x86.ActiveCfg = Release|Any CPU
		{C20B0004-2222-4B22-8222-000000000004}.Release|x86.Build.0 = Release|Any CPU
		{7FE7EFF3-03A8-450F-8B41-4096C481E184}.Debug|Any CPU.ActiveCfg = Debug|Any CPU
		{7FE7EFF3-03A8-450F-8B41-4096C481E184}.Debug|Any CPU.Build.0 = Debug|Any CPU
		{7FE7EFF3-03A8-450F-8B41-4096C481E184}.Debug|x64.ActiveCfg = Debug|Any CPU
		{7FE7EFF3-03A8-450F-8B41-4096C481E184}.Debug|x64.Build.0 = Debug|Any CPU
		{7FE7EFF3-03A8-450F-8B41-4096C481E184}.Debug|x86.ActiveCfg = Debug|Any CPU
		{7FE7EFF3-03A8-450F-8B41-4096C481E184}.Debug|x86.Build.0 = Debug|Any CPU
		{7FE7EFF3-03A8-450F-8B41-4096C481E184}.Release|Any CPU.ActiveCfg = Release|Any CPU
		{7FE7EFF3-03A8-450F-8B41-4096C481E184}.Release|Any CPU.Build.0 = Release|Any CPU
		{7FE7EFF3-03A8-450F-8B41-4096C481E184}.Release|x64.ActiveCfg = Release|Any CPU
		{7FE7EFF3-03A8-450F-8B41-4096C481E184}.Release|x64.Build.0 = Release|Any CPU
		{7FE7EFF3-03A8-450F-8B41-4096C481E184}.Release|x86.ActiveCfg = Release|Any CPU
		{7FE7EFF3-03A8-450F-8B41-4096C481E184}.Release|x86.Build.0 = Release|Any CPU
	EndGlobalSection
	GlobalSection(SolutionProperties) = preSolution
		HideSolutionNode = FALSE
	EndGlobalSection
	GlobalSection(NestedProjects) = preSolution
		{90298CBA-BD6F-3A0A-69D5-97CAD7B05E7E} = {827E0CD3-B72D-47B6-A68D-7590B98EB39B}
		{06D58528-7962-4F92-A4CC-7A91E8F7B12C} = {90298CBA-BD6F-3A0A-69D5-97CAD7B05E7E}
		{DD10B539-D53C-4F38-A76C-81EF39EC8CC0} = {90298CBA-BD6F-3A0A-69D5-97CAD7B05E7E}
		{13612928-1BFA-4505-97FE-CCDD637BC1D0} = {90298CBA-BD6F-3A0A-69D5-97CAD7B05E7E}
		{984BB9B3-3FA3-BE33-9484-CAC21695A33C} = {827E0CD3-B72D-47B6-A68D-7590B98EB39B}
		{EED46BDE-850E-C509-1804-4B82399CC581} = {984BB9B3-3FA3-BE33-9484-CAC21695A33C}
		{B317314A-055A-40C6-B454-2F642F543089} = {EED46BDE-850E-C509-1804-4B82399CC581}
		{F3814641-1AD4-4221-96BE-549EAC92168D} = {EED46BDE-850E-C509-1804-4B82399CC581}
		{019025B4-FE71-41E5-BC9B-83B7F2F3E37F} = {EED46BDE-850E-C509-1804-4B82399CC581}
		{D9C162BE-98A5-4FA6-8902-880984A8F7F3} = {EED46BDE-850E-C509-1804-4B82399CC581}
		{B0ED8887-1092-5A1A-EC04-2B6B0F6E9C33} = {984BB9B3-3FA3-BE33-9484-CAC21695A33C}
		{1488D991-35C0-4E3C-971A-58D1FFD24645} = {B0ED8887-1092-5A1A-EC04-2B6B0F6E9C33}
		{DBFA7923-8594-4465-B470-50A65EB735D8} = {B0ED8887-1092-5A1A-EC04-2B6B0F6E9C33}
		{CBC435DD-424E-49A6-AC97-E092B14796B3} = {B0ED8887-1092-5A1A-EC04-2B6B0F6E9C33}
		{E71A7B0E-C8AD-4BA9-85D0-09A63E12C260} = {B0ED8887-1092-5A1A-EC04-2B6B0F6E9C33}
		{E84AFA33-838D-562F-4664-2E89E0D91D0E} = {984BB9B3-3FA3-BE33-9484-CAC21695A33C}
		{B3AB7C25-0A34-44EB-856F-5C86AD3B2A2B} = {E84AFA33-838D-562F-4664-2E89E0D91D0E}
		{27CE186C-7E02-447A-80F6-8CF00B648632} = {E84AFA33-838D-562F-4664-2E89E0D91D0E}
		{A84A5F2A-4ED9-4F6D-B7E9-A528D7027D88} = {E84AFA33-838D-562F-4664-2E89E0D91D0E}
		{90ACFAFF-C7EE-4850-8142-DF5CFA8D7527} = {E84AFA33-838D-562F-4664-2E89E0D91D0E}
		{A1B2C3D4-E5F6-47A8-9B0C-112233445566} = {827E0CD3-B72D-47B6-A68D-7590B98EB39B}
		{C10A0001-1111-4A11-8111-000000000001} = {A1B2C3D4-E5F6-47A8-9B0C-112233445566}
		{C10A0002-1111-4A11-8111-000000000002} = {A1B2C3D4-E5F6-47A8-9B0C-112233445566}
		{C10A0003-1111-4A11-8111-000000000003} = {A1B2C3D4-E5F6-47A8-9B0C-112233445566}
		{C10A0004-1111-4A11-8111-000000000004} = {A1B2C3D4-E5F6-47A8-9B0C-112233445566}
		{B1C2D3E4-F5A6-48B9-8C0D-223344556677} = {827E0CD3-B72D-47B6-A68D-7590B98EB39B}
		{C20B0001-2222-4B22-8222-000000000001} = {B1C2D3E4-F5A6-48B9-8C0D-223344556677}
		{C20B0002-2222-4B22-8222-000000000002} = {B1C2D3E4-F5A6-48B9-8C0D-223344556677}
		{C20B0003-2222-4B22-8222-000000000003} = {B1C2D3E4-F5A6-48B9-8C0D-223344556677}
		{C20B0004-2222-4B22-8222-000000000004} = {B1C2D3E4-F5A6-48B9-8C0D-223344556677}
		{6306A8FB-679E-111F-6585-8F70E0EE6013} = {827E0CD3-B72D-47B6-A68D-7590B98EB39B}
		{7FE7EFF3-03A8-450F-8B41-4096C481E184} = {6306A8FB-679E-111F-6585-8F70E0EE6013}
	EndGlobalSection
EndGlobal
